{
  "version": "3",
  "packages": {
    "specifiers": {
      "jsr:@cliffy/ansi@1.0.0-rc.7": "jsr:@cliffy/ansi@1.0.0-rc.7",
      "jsr:@cliffy/ansi@^1.0.0-rc.5": "jsr:@cliffy/ansi@1.0.0-rc.7",
      "jsr:@cliffy/ansi@^1.0.0-rc.7": "jsr:@cliffy/ansi@1.0.0-rc.7",
      "jsr:@cliffy/command@^1.0.0-rc.5": "jsr:@cliffy/command@1.0.0-rc.7",
      "jsr:@cliffy/command@^1.0.0-rc.7": "jsr:@cliffy/command@1.0.0-rc.7",
      "jsr:@cliffy/flags@1.0.0-rc.7": "jsr:@cliffy/flags@1.0.0-rc.7",
      "jsr:@cliffy/internal@1.0.0-rc.7": "jsr:@cliffy/internal@1.0.0-rc.7",
      "jsr:@cliffy/keycode@1.0.0-rc.7": "jsr:@cliffy/keycode@1.0.0-rc.7",
      "jsr:@cliffy/prompt@^1.0.0-rc.5": "jsr:@cliffy/prompt@1.0.0-rc.7",
      "jsr:@cliffy/table@1.0.0-rc.7": "jsr:@cliffy/table@1.0.0-rc.7",
      "jsr:@polyseam/cliffy-provider-gh-releases@1.0.0-rc.11": "jsr:@polyseam/cliffy-provider-gh-releases@1.0.0-rc.11",
      "jsr:@polyseam/inflate-response@1.1.2": "jsr:@polyseam/inflate-response@1.1.2",
      "jsr:@polyseam/silky@^1.1.2": "jsr:@polyseam/silky@1.1.2",
      "jsr:@std/archive@0.214.0": "jsr:@std/archive@0.214.0",
      "jsr:@std/assert@^0.214.0": "jsr:@std/assert@0.214.0",
      "jsr:@std/assert@^0.221.0": "jsr:@std/assert@0.221.0",
      "jsr:@std/assert@~1.0.6": "jsr:@std/assert@1.0.6",
      "jsr:@std/async@^0.221.0": "jsr:@std/async@0.221.0",
      "jsr:@std/bytes@^0.214.0": "jsr:@std/bytes@0.214.0",
      "jsr:@std/bytes@^0.221.0": "jsr:@std/bytes@0.221.0",
      "jsr:@std/cli@^0.221.0": "jsr:@std/cli@0.221.0",
      "jsr:@std/collections@^0.221.0": "jsr:@std/collections@0.221.0",
      "jsr:@std/dotenv@^0.221.0": "jsr:@std/dotenv@0.221.0",
      "jsr:@std/encoding@~1.0.5": "jsr:@std/encoding@1.0.5",
      "jsr:@std/fmt@~1.0.2": "jsr:@std/fmt@1.0.2",
      "jsr:@std/fs@0.214.0": "jsr:@std/fs@0.214.0",
      "jsr:@std/fs@^0.221.0": "jsr:@std/fs@0.221.0",
      "jsr:@std/io@0.214.0": "jsr:@std/io@0.214.0",
      "jsr:@std/io@^0.214.0": "jsr:@std/io@0.214.0",
      "jsr:@std/io@^0.221.0": "jsr:@std/io@0.221.0",
      "jsr:@std/jsonc@^0.221.0": "jsr:@std/jsonc@0.221.0",
      "jsr:@std/path@0.214.0": "jsr:@std/path@0.214.0",
      "jsr:@std/path@^0.214.0": "jsr:@std/path@0.214.0",
      "jsr:@std/path@^0.221.0": "jsr:@std/path@0.221.0",
      "jsr:@std/path@~1.0.6": "jsr:@std/path@1.0.6",
      "jsr:@std/semver@^1.0.3": "jsr:@std/semver@1.0.3",
      "jsr:@std/text@~1.0.7": "jsr:@std/text@1.0.7",
      "jsr:@std/yaml@^0.221.0": "jsr:@std/yaml@0.221.0",
      "npm:@peculiar/x509@1.11.0": "npm:@peculiar/x509@1.11.0",
      "npm:crypto-js@4.1.1": "npm:crypto-js@4.1.1",
      "npm:lodash.get@4.4.2": "npm:lodash.get@4.4.2",
      "npm:lodash.set@4.3.2": "npm:lodash.set@4.3.2",
      "npm:lodash.unset@4.5.2": "npm:lodash.unset@4.5.2",
      "npm:octokit@^3.1.2": "npm:octokit@3.2.1_@octokit+core@5.2.0",
      "npm:simple-git@3.18.0": "npm:simple-git@3.18.0",
      "npm:validator@13.11.0": "npm:validator@13.11.0"
    },
    "jsr": {
      "@cliffy/ansi@1.0.0-rc.7": {
        "integrity": "f71c921cce224c13d322e5cedba4f38e8f7354c7d855c9cb22729362a53f25aa",
        "dependencies": [
          "jsr:@cliffy/internal@1.0.0-rc.7",
          "jsr:@std/encoding@~1.0.5",
          "jsr:@std/fmt@~1.0.2"
        ]
      },
      "@cliffy/command@1.0.0-rc.7": {
        "integrity": "1288808d7a3cd18b86c24c2f920e47a6d954b7e23cadc35c8cbd78f8be41f0cd",
        "dependencies": [
          "jsr:@cliffy/flags@1.0.0-rc.7",
          "jsr:@cliffy/internal@1.0.0-rc.7",
          "jsr:@cliffy/table@1.0.0-rc.7",
          "jsr:@std/fmt@~1.0.2",
          "jsr:@std/text@~1.0.7"
        ]
      },
      "@cliffy/flags@1.0.0-rc.7": {
        "integrity": "318d9be98f6a6417b108e03dec427dea96cdd41a15beb21d2554ae6da450a781",
        "dependencies": [
          "jsr:@std/text@~1.0.7"
        ]
      },
      "@cliffy/internal@1.0.0-rc.7": {
        "integrity": "10412636ab3e67517d448be9eaab1b70c88eba9be22617b5d146257a11cc9b17"
      },
      "@cliffy/keycode@1.0.0-rc.7": {
        "integrity": "5b3f6c33994e81a76b79f108b1989642ac22705840da33781f7972d7dff05503"
      },
      "@cliffy/prompt@1.0.0-rc.7": {
        "integrity": "a9cbd13acd8073558447cae8ca4cf593c09d23bcbe429cc63346920c21187b83",
        "dependencies": [
          "jsr:@cliffy/ansi@1.0.0-rc.7",
          "jsr:@cliffy/internal@1.0.0-rc.7",
          "jsr:@cliffy/keycode@1.0.0-rc.7",
          "jsr:@std/assert@~1.0.6",
          "jsr:@std/fmt@~1.0.2",
          "jsr:@std/path@~1.0.6",
          "jsr:@std/text@~1.0.7"
        ]
      },
      "@cliffy/table@1.0.0-rc.7": {
        "integrity": "9fdd9776eda28a0b397981c400eeb1aa36da2371b43eefe12e6ff555290e3180",
        "dependencies": [
          "jsr:@std/fmt@~1.0.2"
        ]
      },
      "@polyseam/cliffy-provider-gh-releases@1.0.0-rc.11": {
        "integrity": "61c94d68bee34c588e4911b37b56195f597018146b79e702508ef652e0ff31c0",
        "dependencies": [
          "jsr:@cliffy/ansi@^1.0.0-rc.7",
          "jsr:@cliffy/command@^1.0.0-rc.7",
          "jsr:@polyseam/inflate-response@1.1.2",
          "jsr:@std/cli@^0.221.0",
          "jsr:@std/fs@^0.221.0",
          "jsr:@std/semver@^1.0.3",
          "npm:octokit@^3.1.2"
        ]
      },
      "@polyseam/inflate-response@1.1.2": {
        "integrity": "ef7e85c4528b36b7649cfa4f4ca44215eec4c690b6d5c376cfa2e037d4af4385",
        "dependencies": [
          "jsr:@std/archive@0.214.0",
          "jsr:@std/fs@0.214.0",
          "jsr:@std/io@0.214.0",
          "jsr:@std/path@0.214.0"
        ]
      },
      "@polyseam/silky@1.1.2": {
        "integrity": "7181dddf34394a6ceff03633b88edbfbef1e1419bccaaf573c8e522842468a13",
        "dependencies": [
          "npm:@peculiar/x509@1.11.0"
        ]
      },
      "@std/archive@0.214.0": {
        "integrity": "298d3f1f820cac72dfbc4a716e058655758015385ad116a247b9605c7103d89f",
        "dependencies": [
          "jsr:@std/io@^0.214.0"
        ]
      },
      "@std/assert@0.214.0": {
        "integrity": "55d398de76a9828fd3b1aa653f4dba3eee4c6985d90c514865d2be9bd082b140"
      },
      "@std/assert@0.221.0": {
        "integrity": "a5f1aa6e7909dbea271754fd4ab3f4e687aeff4873b4cef9a320af813adb489a"
      },
      "@std/assert@1.0.6": {
        "integrity": "1904c05806a25d94fe791d6d883b685c9e2dcd60e4f9fc30f4fc5cf010c72207"
      },
      "@std/async@0.221.0": {
        "integrity": "f5519861754a1bb2898d227dd8ccb545abc975534aa9063e53911d6cb4e365cf",
        "dependencies": [
          "jsr:@std/assert@^0.221.0"
        ]
      },
      "@std/bytes@0.214.0": {
        "integrity": "eba2a06824fd22b9cb1214c53988ad57431177497e6198ba0ff8ab207dae996f"
      },
      "@std/bytes@0.221.0": {
        "integrity": "64a047011cf833890a4a2ab7293ac55a1b4f5a050624ebc6a0159c357de91966"
      },
      "@std/cli@0.221.0": {
        "integrity": "157c2f881f0f85a73d994e7668754aeeccdf597680bd9c65de9c6bcd670416ac",
        "dependencies": [
          "jsr:@std/assert@^0.221.0"
        ]
      },
      "@std/collections@0.221.0": {
        "integrity": "789a365bb79b06c4da79d2b93fe32ddfe03b93ab083e72c1de96303d12f84be5"
      },
      "@std/dotenv@0.221.0": {
        "integrity": "60358ec8a55ff177ca000e5028d8e995b4f1380a90d5a83f087acf0d729cc817"
      },
      "@std/encoding@1.0.5": {
        "integrity": "ecf363d4fc25bd85bd915ff6733a7e79b67e0e7806334af15f4645c569fefc04"
      },
      "@std/fmt@1.0.2": {
        "integrity": "87e9dfcdd3ca7c066e0c3c657c1f987c82888eb8103a3a3baa62684ffeb0f7a7"
      },
      "@std/fs@0.214.0": {
        "integrity": "bc880fea0be120cb1550b1ed7faf92fe071003d83f2456a1e129b39193d85bea",
        "dependencies": [
          "jsr:@std/path@^0.214.0"
        ]
      },
      "@std/fs@0.221.0": {
        "integrity": "028044450299de8ed5a716ade4e6d524399f035513b85913794f4e81f07da286",
        "dependencies": [
          "jsr:@std/assert@^0.221.0",
          "jsr:@std/path@^0.221.0"
        ]
      },
      "@std/io@0.214.0": {
        "integrity": "81563289d48830f966a5c607841fb5b7048874e0368f873d6148776de0a1e890",
        "dependencies": [
          "jsr:@std/assert@^0.214.0",
          "jsr:@std/bytes@^0.214.0"
        ]
      },
      "@std/io@0.221.0": {
        "integrity": "faf7f8700d46ab527fa05cc6167f4b97701a06c413024431c6b4d207caa010da",
        "dependencies": [
          "jsr:@std/assert@^0.221.0",
          "jsr:@std/bytes@^0.221.0"
        ]
      },
      "@std/jsonc@0.221.0": {
        "integrity": "097f41a228cf9959a1de4f7638a0cc81a69d6580766f6c84a32959429501f284",
        "dependencies": [
          "jsr:@std/assert@^0.221.0"
        ]
      },
      "@std/path@0.214.0": {
        "integrity": "d5577c0b8d66f7e8e3586d864ebdf178bb326145a3611da5a51c961740300285",
        "dependencies": [
          "jsr:@std/assert@^0.214.0"
        ]
      },
      "@std/path@0.221.0": {
        "integrity": "0a36f6b17314ef653a3a1649740cc8db51b25a133ecfe838f20b79a56ebe0095",
        "dependencies": [
          "jsr:@std/assert@^0.221.0"
        ]
      },
      "@std/path@1.0.6": {
        "integrity": "ab2c55f902b380cf28e0eec501b4906e4c1960d13f00e11cfbcd21de15f18fed"
      },
      "@std/semver@1.0.3": {
        "integrity": "7c139c6076a080eeaa4252c78b95ca5302818d7eafab0470d34cafd9930c13c8"
      },
      "@std/text@1.0.7": {
        "integrity": "344a820af99fde81ae1d4f9ce586da3f47a58cda25ac4c4dd688166cf5ed97f1"
      },
      "@std/yaml@0.221.0": {
        "integrity": "bac8913ee4f6fc600d4b92cc020f755070e22687ad242341f31d123ff690ae98"
      }
    },
    "npm": {
      "@kwsites/file-exists@1.1.1": {
        "integrity": "sha512-m9/5YGR18lIwxSFDwfE3oA7bWuq9kdau6ugN4H2rJeyhFQZcG9AgSHkQtSD15a8WvTgfz9aikZMrKPHvbpqFiw==",
        "dependencies": {
          "debug": "debug@4.3.6"
        }
      },
      "@kwsites/promise-deferred@1.1.1": {
        "integrity": "sha512-GaHYm+c0O9MjZRu0ongGBRbinu8gVAMd2UZjji6jVmqKtZluZnptXGWhz1E8j8D2HJ3f/yMxKAUC0b+57wncIw==",
        "dependencies": {}
      },
      "@octokit/app@14.1.0_@octokit+core@5.2.0": {
        "integrity": "sha512-g3uEsGOQCBl1+W1rgfwoRFUIR6PtvB2T1E4RpygeUU5LrLvlOqcxrt5lfykIeRpUPpupreGJUYl70fqMDXdTpw==",
        "dependencies": {
          "@octokit/auth-app": "@octokit/auth-app@6.1.1",
          "@octokit/auth-unauthenticated": "@octokit/auth-unauthenticated@5.0.1",
          "@octokit/core": "@octokit/core@5.2.0",
          "@octokit/oauth-app": "@octokit/oauth-app@6.1.0",
          "@octokit/plugin-paginate-rest": "@octokit/plugin-paginate-rest@9.2.1_@octokit+core@5.2.0",
          "@octokit/types": "@octokit/types@12.6.0",
          "@octokit/webhooks": "@octokit/webhooks@12.2.0"
        }
      },
      "@octokit/auth-app@6.1.1": {
        "integrity": "sha512-VrTtzRpyuT5nYGUWeGWQqH//hqEZDV+/yb6+w5wmWpmmUA1Tx950XsAc2mBBfvusfcdF2E7w8jZ1r1WwvfZ9pA==",
        "dependencies": {
          "@octokit/auth-oauth-app": "@octokit/auth-oauth-app@7.1.0",
          "@octokit/auth-oauth-user": "@octokit/auth-oauth-user@4.1.0",
          "@octokit/request": "@octokit/request@8.4.0",
          "@octokit/request-error": "@octokit/request-error@5.1.0",
          "@octokit/types": "@octokit/types@13.5.0",
          "deprecation": "deprecation@2.3.1",
          "lru-cache": "lru-cache@10.4.3",
          "universal-github-app-jwt": "universal-github-app-jwt@1.1.2",
          "universal-user-agent": "universal-user-agent@6.0.1"
        }
      },
      "@octokit/auth-oauth-app@7.1.0": {
        "integrity": "sha512-w+SyJN/b0l/HEb4EOPRudo7uUOSW51jcK1jwLa+4r7PA8FPFpoxEnHBHMITqCsc/3Vo2qqFjgQfz/xUUvsSQnA==",
        "dependencies": {
          "@octokit/auth-oauth-device": "@octokit/auth-oauth-device@6.1.0",
          "@octokit/auth-oauth-user": "@octokit/auth-oauth-user@4.1.0",
          "@octokit/request": "@octokit/request@8.4.0",
          "@octokit/types": "@octokit/types@13.5.0",
          "@types/btoa-lite": "@types/btoa-lite@1.0.2",
          "btoa-lite": "btoa-lite@1.0.0",
          "universal-user-agent": "universal-user-agent@6.0.1"
        }
      },
      "@octokit/auth-oauth-device@6.1.0": {
        "integrity": "sha512-FNQ7cb8kASufd6Ej4gnJ3f1QB5vJitkoV1O0/g6e6lUsQ7+VsSNRHRmFScN2tV4IgKA12frrr/cegUs0t+0/Lw==",
        "dependencies": {
          "@octokit/oauth-methods": "@octokit/oauth-methods@4.1.0",
          "@octokit/request": "@octokit/request@8.4.0",
          "@octokit/types": "@octokit/types@13.5.0",
          "universal-user-agent": "universal-user-agent@6.0.1"
        }
      },
      "@octokit/auth-oauth-user@4.1.0": {
        "integrity": "sha512-FrEp8mtFuS/BrJyjpur+4GARteUCrPeR/tZJzD8YourzoVhRics7u7we/aDcKv+yywRNwNi/P4fRi631rG/OyQ==",
        "dependencies": {
          "@octokit/auth-oauth-device": "@octokit/auth-oauth-device@6.1.0",
          "@octokit/oauth-methods": "@octokit/oauth-methods@4.1.0",
          "@octokit/request": "@octokit/request@8.4.0",
          "@octokit/types": "@octokit/types@13.5.0",
          "btoa-lite": "btoa-lite@1.0.0",
          "universal-user-agent": "universal-user-agent@6.0.1"
        }
      },
      "@octokit/auth-token@4.0.0": {
        "integrity": "sha512-tY/msAuJo6ARbK6SPIxZrPBms3xPbfwBrulZe0Wtr/DIY9lje2HeV1uoebShn6mx7SjCHif6EjMvoREj+gZ+SA==",
        "dependencies": {}
      },
      "@octokit/auth-unauthenticated@5.0.1": {
        "integrity": "sha512-oxeWzmBFxWd+XolxKTc4zr+h3mt+yofn4r7OfoIkR/Cj/o70eEGmPsFbueyJE2iBAGpjgTnEOKM3pnuEGVmiqg==",
        "dependencies": {
          "@octokit/request-error": "@octokit/request-error@5.1.0",
          "@octokit/types": "@octokit/types@12.6.0"
        }
      },
      "@octokit/core@5.2.0": {
        "integrity": "sha512-1LFfa/qnMQvEOAdzlQymH0ulepxbxnCYAKJZfMci/5XJyIHWgEYnDmgnKakbTh7CH2tFQ5O60oYDvns4i9RAIg==",
        "dependencies": {
          "@octokit/auth-token": "@octokit/auth-token@4.0.0",
          "@octokit/graphql": "@octokit/graphql@7.1.0",
          "@octokit/request": "@octokit/request@8.4.0",
          "@octokit/request-error": "@octokit/request-error@5.1.0",
          "@octokit/types": "@octokit/types@13.5.0",
          "before-after-hook": "before-after-hook@2.2.3",
          "universal-user-agent": "universal-user-agent@6.0.1"
        }
      },
      "@octokit/endpoint@9.0.5": {
        "integrity": "sha512-ekqR4/+PCLkEBF6qgj8WqJfvDq65RH85OAgrtnVp1mSxaXF03u2xW/hUdweGS5654IlC0wkNYC18Z50tSYTAFw==",
        "dependencies": {
          "@octokit/types": "@octokit/types@13.5.0",
          "universal-user-agent": "universal-user-agent@6.0.1"
        }
      },
      "@octokit/graphql@7.1.0": {
        "integrity": "sha512-r+oZUH7aMFui1ypZnAvZmn0KSqAUgE1/tUXIWaqUCa1758ts/Jio84GZuzsvUkme98kv0WFY8//n0J1Z+vsIsQ==",
        "dependencies": {
          "@octokit/request": "@octokit/request@8.4.0",
          "@octokit/types": "@octokit/types@13.5.0",
          "universal-user-agent": "universal-user-agent@6.0.1"
        }
      },
      "@octokit/oauth-app@6.1.0": {
        "integrity": "sha512-nIn/8eUJ/BKUVzxUXd5vpzl1rwaVxMyYbQkNZjHrF7Vk/yu98/YDF/N2KeWO7uZ0g3b5EyiFXFkZI8rJ+DH1/g==",
        "dependencies": {
          "@octokit/auth-oauth-app": "@octokit/auth-oauth-app@7.1.0",
          "@octokit/auth-oauth-user": "@octokit/auth-oauth-user@4.1.0",
          "@octokit/auth-unauthenticated": "@octokit/auth-unauthenticated@5.0.1",
          "@octokit/core": "@octokit/core@5.2.0",
          "@octokit/oauth-authorization-url": "@octokit/oauth-authorization-url@6.0.2",
          "@octokit/oauth-methods": "@octokit/oauth-methods@4.1.0",
          "@types/aws-lambda": "@types/aws-lambda@8.10.145",
          "universal-user-agent": "universal-user-agent@6.0.1"
        }
      },
      "@octokit/oauth-authorization-url@6.0.2": {
        "integrity": "sha512-CdoJukjXXxqLNK4y/VOiVzQVjibqoj/xHgInekviUJV73y/BSIcwvJ/4aNHPBPKcPWFnd4/lO9uqRV65jXhcLA==",
        "dependencies": {}
      },
      "@octokit/oauth-methods@4.1.0": {
        "integrity": "sha512-4tuKnCRecJ6CG6gr0XcEXdZtkTDbfbnD5oaHBmLERTjTMZNi2CbfEHZxPU41xXLDG4DfKf+sonu00zvKI9NSbw==",
        "dependencies": {
          "@octokit/oauth-authorization-url": "@octokit/oauth-authorization-url@6.0.2",
          "@octokit/request": "@octokit/request@8.4.0",
          "@octokit/request-error": "@octokit/request-error@5.1.0",
          "@octokit/types": "@octokit/types@13.5.0",
          "btoa-lite": "btoa-lite@1.0.0"
        }
      },
      "@octokit/openapi-types@20.0.0": {
        "integrity": "sha512-EtqRBEjp1dL/15V7WiX5LJMIxxkdiGJnabzYx5Apx4FkQIFgAfKumXeYAqqJCj1s+BMX4cPFIFC4OLCR6stlnA==",
        "dependencies": {}
      },
      "@octokit/openapi-types@22.2.0": {
        "integrity": "sha512-QBhVjcUa9W7Wwhm6DBFu6ZZ+1/t/oYxqc2tp81Pi41YNuJinbFRx8B133qVOrAaBbF7D/m0Et6f9/pZt9Rc+tg==",
        "dependencies": {}
      },
      "@octokit/plugin-paginate-graphql@4.0.1_@octokit+core@5.2.0": {
        "integrity": "sha512-R8ZQNmrIKKpHWC6V2gum4x9LG2qF1RxRjo27gjQcG3j+vf2tLsEfE7I/wRWEPzYMaenr1M+qDAtNcwZve1ce1A==",
        "dependencies": {
          "@octokit/core": "@octokit/core@5.2.0"
        }
      },
      "@octokit/plugin-paginate-rest@11.3.1_@octokit+core@5.2.0": {
        "integrity": "sha512-ryqobs26cLtM1kQxqeZui4v8FeznirUsksiA+RYemMPJ7Micju0WSkv50dBksTuZks9O5cg4wp+t8fZ/cLY56g==",
        "dependencies": {
          "@octokit/core": "@octokit/core@5.2.0",
          "@octokit/types": "@octokit/types@13.5.0"
        }
      },
      "@octokit/plugin-paginate-rest@9.2.1_@octokit+core@5.2.0": {
        "integrity": "sha512-wfGhE/TAkXZRLjksFXuDZdmGnJQHvtU/joFQdweXUgzo1XwvBCD4o4+75NtFfjfLK5IwLf9vHTfSiU3sLRYpRw==",
        "dependencies": {
          "@octokit/core": "@octokit/core@5.2.0",
          "@octokit/types": "@octokit/types@12.6.0"
        }
      },
      "@octokit/plugin-rest-endpoint-methods@13.2.2_@octokit+core@5.2.0": {
        "integrity": "sha512-EI7kXWidkt3Xlok5uN43suK99VWqc8OaIMktY9d9+RNKl69juoTyxmLoWPIZgJYzi41qj/9zU7G/ljnNOJ5AFA==",
        "dependencies": {
          "@octokit/core": "@octokit/core@5.2.0",
          "@octokit/types": "@octokit/types@13.5.0"
        }
      },
      "@octokit/plugin-retry@6.0.1_@octokit+core@5.2.0": {
        "integrity": "sha512-SKs+Tz9oj0g4p28qkZwl/topGcb0k0qPNX/i7vBKmDsjoeqnVfFUquqrE/O9oJY7+oLzdCtkiWSXLpLjvl6uog==",
        "dependencies": {
          "@octokit/core": "@octokit/core@5.2.0",
          "@octokit/request-error": "@octokit/request-error@5.1.0",
          "@octokit/types": "@octokit/types@12.6.0",
          "bottleneck": "bottleneck@2.19.5"
        }
      },
      "@octokit/plugin-throttling@8.2.0_@octokit+core@5.2.0": {
        "integrity": "sha512-nOpWtLayKFpgqmgD0y3GqXafMFuKcA4tRPZIfu7BArd2lEZeb1988nhWhwx4aZWmjDmUfdgVf7W+Tt4AmvRmMQ==",
        "dependencies": {
          "@octokit/core": "@octokit/core@5.2.0",
          "@octokit/types": "@octokit/types@12.6.0",
          "bottleneck": "bottleneck@2.19.5"
        }
      },
      "@octokit/request-error@5.1.0": {
        "integrity": "sha512-GETXfE05J0+7H2STzekpKObFe765O5dlAKUTLNGeH+x47z7JjXHfsHKo5z21D/o/IOZTUEI6nyWyR+bZVP/n5Q==",
        "dependencies": {
          "@octokit/types": "@octokit/types@13.5.0",
          "deprecation": "deprecation@2.3.1",
          "once": "once@1.4.0"
        }
      },
      "@octokit/request@8.4.0": {
        "integrity": "sha512-9Bb014e+m2TgBeEJGEbdplMVWwPmL1FPtggHQRkV+WVsMggPtEkLKPlcVYm/o8xKLkpJ7B+6N8WfQMtDLX2Dpw==",
        "dependencies": {
          "@octokit/endpoint": "@octokit/endpoint@9.0.5",
          "@octokit/request-error": "@octokit/request-error@5.1.0",
          "@octokit/types": "@octokit/types@13.5.0",
          "universal-user-agent": "universal-user-agent@6.0.1"
        }
      },
      "@octokit/types@12.6.0": {
        "integrity": "sha512-1rhSOfRa6H9w4YwK0yrf5faDaDTb+yLyBUKOCV4xtCDB5VmIPqd/v9yr9o6SAzOAlRxMiRiCic6JVM1/kunVkw==",
        "dependencies": {
          "@octokit/openapi-types": "@octokit/openapi-types@20.0.0"
        }
      },
      "@octokit/types@13.5.0": {
        "integrity": "sha512-HdqWTf5Z3qwDVlzCrP8UJquMwunpDiMPt5er+QjGzL4hqr/vBVY/MauQgS1xWxCDT1oMx1EULyqxncdCY/NVSQ==",
        "dependencies": {
          "@octokit/openapi-types": "@octokit/openapi-types@22.2.0"
        }
      },
      "@octokit/webhooks-methods@4.1.0": {
        "integrity": "sha512-zoQyKw8h9STNPqtm28UGOYFE7O6D4Il8VJwhAtMHFt2C4L0VQT1qGKLeefUOqHNs1mNRYSadVv7x0z8U2yyeWQ==",
        "dependencies": {}
      },
      "@octokit/webhooks-types@7.4.0": {
        "integrity": "sha512-FE2V+QZ2UYlh+9wWd5BPLNXG+J/XUD/PPq0ovS+nCcGX4+3qVbi3jYOmCTW48hg9SBBLtInx9+o7fFt4H5iP0Q==",
        "dependencies": {}
      },
      "@octokit/webhooks@12.2.0": {
        "integrity": "sha512-CyuLJ0/P7bKZ+kIYw+fnkeVdhUzNuDKgNSI7pU/m7Nod0T7kP+s4s2f0pNmG9HL8/RZN1S0ZWTDll3VTMrFLAw==",
        "dependencies": {
          "@octokit/request-error": "@octokit/request-error@5.1.0",
          "@octokit/webhooks-methods": "@octokit/webhooks-methods@4.1.0",
          "@octokit/webhooks-types": "@octokit/webhooks-types@7.4.0",
          "aggregate-error": "aggregate-error@3.1.0"
        }
      },
      "@peculiar/asn1-cms@2.3.13": {
        "integrity": "sha512-joqu8A7KR2G85oLPq+vB+NFr2ro7Ls4ol13Zcse/giPSzUNN0n2k3v8kMpf6QdGUhI13e5SzQYN8AKP8sJ8v4w==",
        "dependencies": {
          "@peculiar/asn1-schema": "@peculiar/asn1-schema@2.3.13",
          "@peculiar/asn1-x509": "@peculiar/asn1-x509@2.3.13",
          "@peculiar/asn1-x509-attr": "@peculiar/asn1-x509-attr@2.3.13",
          "asn1js": "asn1js@3.0.5",
          "tslib": "tslib@2.7.0"
        }
      },
      "@peculiar/asn1-csr@2.3.13": {
        "integrity": "sha512-+JtFsOUWCw4zDpxp1LbeTYBnZLlGVOWmHHEhoFdjM5yn4wCn+JiYQ8mghOi36M2f6TPQ17PmhNL6/JfNh7/jCA==",
        "dependencies": {
          "@peculiar/asn1-schema": "@peculiar/asn1-schema@2.3.13",
          "@peculiar/asn1-x509": "@peculiar/asn1-x509@2.3.13",
          "asn1js": "asn1js@3.0.5",
          "tslib": "tslib@2.7.0"
        }
      },
      "@peculiar/asn1-ecc@2.3.13": {
        "integrity": "sha512-3dF2pQcrN/WJEMq+9qWLQ0gqtn1G81J4rYqFl6El6QV367b4IuhcRv+yMA84tNNyHOJn9anLXV5radnpPiG3iA==",
        "dependencies": {
          "@peculiar/asn1-schema": "@peculiar/asn1-schema@2.3.13",
          "@peculiar/asn1-x509": "@peculiar/asn1-x509@2.3.13",
          "asn1js": "asn1js@3.0.5",
          "tslib": "tslib@2.7.0"
        }
      },
      "@peculiar/asn1-pfx@2.3.13": {
        "integrity": "sha512-fypYxjn16BW+5XbFoY11Rm8LhZf6euqX/C7BTYpqVvLem1GvRl7A+Ro1bO/UPwJL0z+1mbvXEnkG0YOwbwz2LA==",
        "dependencies": {
          "@peculiar/asn1-cms": "@peculiar/asn1-cms@2.3.13",
          "@peculiar/asn1-pkcs8": "@peculiar/asn1-pkcs8@2.3.13",
          "@peculiar/asn1-rsa": "@peculiar/asn1-rsa@2.3.13",
          "@peculiar/asn1-schema": "@peculiar/asn1-schema@2.3.13",
          "asn1js": "asn1js@3.0.5",
          "tslib": "tslib@2.7.0"
        }
      },
      "@peculiar/asn1-pkcs8@2.3.13": {
        "integrity": "sha512-VP3PQzbeSSjPjKET5K37pxyf2qCdM0dz3DJ56ZCsol3FqAXGekb4sDcpoL9uTLGxAh975WcdvUms9UcdZTuGyQ==",
        "dependencies": {
          "@peculiar/asn1-schema": "@peculiar/asn1-schema@2.3.13",
          "@peculiar/asn1-x509": "@peculiar/asn1-x509@2.3.13",
          "asn1js": "asn1js@3.0.5",
          "tslib": "tslib@2.7.0"
        }
      },
      "@peculiar/asn1-pkcs9@2.3.13": {
        "integrity": "sha512-rIwQXmHpTo/dgPiWqUgby8Fnq6p1xTJbRMxCiMCk833kQCeZrC5lbSKg6NDnJTnX2kC6IbXBB9yCS2C73U2gJg==",
        "dependencies": {
          "@peculiar/asn1-cms": "@peculiar/asn1-cms@2.3.13",
          "@peculiar/asn1-pfx": "@peculiar/asn1-pfx@2.3.13",
          "@peculiar/asn1-pkcs8": "@peculiar/asn1-pkcs8@2.3.13",
          "@peculiar/asn1-schema": "@peculiar/asn1-schema@2.3.13",
          "@peculiar/asn1-x509": "@peculiar/asn1-x509@2.3.13",
          "@peculiar/asn1-x509-attr": "@peculiar/asn1-x509-attr@2.3.13",
          "asn1js": "asn1js@3.0.5",
          "tslib": "tslib@2.7.0"
        }
      },
      "@peculiar/asn1-rsa@2.3.13": {
        "integrity": "sha512-wBNQqCyRtmqvXkGkL4DR3WxZhHy8fDiYtOjTeCd7SFE5F6GBeafw3EJ94PX/V0OJJrjQ40SkRY2IZu3ZSyBqcg==",
        "dependencies": {
          "@peculiar/asn1-schema": "@peculiar/asn1-schema@2.3.13",
          "@peculiar/asn1-x509": "@peculiar/asn1-x509@2.3.13",
          "asn1js": "asn1js@3.0.5",
          "tslib": "tslib@2.7.0"
        }
      },
      "@peculiar/asn1-schema@2.3.13": {
        "integrity": "sha512-3Xq3a01WkHRZL8X04Zsfg//mGaA21xlL4tlVn4v2xGT0JStiztATRkMwa5b+f/HXmY2smsiLXYK46Gwgzvfg3g==",
        "dependencies": {
          "asn1js": "asn1js@3.0.5",
          "pvtsutils": "pvtsutils@1.3.5",
          "tslib": "tslib@2.7.0"
        }
      },
      "@peculiar/asn1-x509-attr@2.3.13": {
        "integrity": "sha512-WpEos6CcnUzJ6o2Qb68Z7Dz5rSjRGv/DtXITCNBtjZIRWRV12yFVci76SVfOX8sisL61QWMhpLKQibrG8pi2Pw==",
        "dependencies": {
          "@peculiar/asn1-schema": "@peculiar/asn1-schema@2.3.13",
          "@peculiar/asn1-x509": "@peculiar/asn1-x509@2.3.13",
          "asn1js": "asn1js@3.0.5",
          "tslib": "tslib@2.7.0"
        }
      },
      "@peculiar/asn1-x509@2.3.13": {
        "integrity": "sha512-PfeLQl2skXmxX2/AFFCVaWU8U6FKW1Db43mgBhShCOFS1bVxqtvusq1hVjfuEcuSQGedrLdCSvTgabluwN/M9A==",
        "dependencies": {
          "@peculiar/asn1-schema": "@peculiar/asn1-schema@2.3.13",
          "asn1js": "asn1js@3.0.5",
          "ipaddr.js": "ipaddr.js@2.2.0",
          "pvtsutils": "pvtsutils@1.3.5",
          "tslib": "tslib@2.7.0"
        }
      },
      "@peculiar/x509@1.11.0": {
        "integrity": "sha512-8rdxE//tsWLb2Yo2TYO2P8gieStbrHK/huFMV5PPfwX8I5HmtOus+Ox6nTKrPA9o+WOPaa5xKenee+QdmHBd5g==",
        "dependencies": {
          "@peculiar/asn1-cms": "@peculiar/asn1-cms@2.3.13",
          "@peculiar/asn1-csr": "@peculiar/asn1-csr@2.3.13",
          "@peculiar/asn1-ecc": "@peculiar/asn1-ecc@2.3.13",
          "@peculiar/asn1-pkcs9": "@peculiar/asn1-pkcs9@2.3.13",
          "@peculiar/asn1-rsa": "@peculiar/asn1-rsa@2.3.13",
          "@peculiar/asn1-schema": "@peculiar/asn1-schema@2.3.13",
          "@peculiar/asn1-x509": "@peculiar/asn1-x509@2.3.13",
          "pvtsutils": "pvtsutils@1.3.5",
          "reflect-metadata": "reflect-metadata@0.2.2",
          "tslib": "tslib@2.7.0",
          "tsyringe": "tsyringe@4.8.0"
        }
      },
      "@types/aws-lambda@8.10.145": {
        "integrity": "sha512-dtByW6WiFk5W5Jfgz1VM+YPA21xMXTuSFoLYIDY0L44jDLLflVPtZkYuu3/YxpGcvjzKFBZLU+GyKjR0HOYtyw==",
        "dependencies": {}
      },
      "@types/btoa-lite@1.0.2": {
        "integrity": "sha512-ZYbcE2x7yrvNFJiU7xJGrpF/ihpkM7zKgw8bha3LNJSesvTtUNxbpzaT7WXBIryf6jovisrxTBvymxMeLLj1Mg==",
        "dependencies": {}
      },
      "@types/jsonwebtoken@9.0.6": {
        "integrity": "sha512-/5hndP5dCjloafCXns6SZyESp3Ldq7YjH3zwzwczYnjxIT0Fqzk5ROSYVGfFyczIue7IUEj8hkvLbPoLQ18vQw==",
        "dependencies": {
          "@types/node": "@types/node@18.16.19"
        }
      },
      "@types/node@18.16.19": {
        "integrity": "sha512-IXl7o+R9iti9eBW4Wg2hx1xQDig183jj7YLn8F7udNceyfkbn1ZxmzZXuak20gR40D7pIkIY1kYGx5VIGbaHKA==",
        "dependencies": {}
      },
      "aggregate-error@3.1.0": {
        "integrity": "sha512-4I7Td01quW/RpocfNayFdFVk1qSuoh0E7JrbRJ16nH01HhKFQ88INq9Sd+nd72zqRySlr9BmDA8xlEJ6vJMrYA==",
        "dependencies": {
          "clean-stack": "clean-stack@2.2.0",
          "indent-string": "indent-string@4.0.0"
        }
      },
      "asn1js@3.0.5": {
        "integrity": "sha512-FVnvrKJwpt9LP2lAMl8qZswRNm3T4q9CON+bxldk2iwk3FFpuwhx2FfinyitizWHsVYyaY+y5JzDR0rCMV5yTQ==",
        "dependencies": {
          "pvtsutils": "pvtsutils@1.3.5",
          "pvutils": "pvutils@1.1.3",
          "tslib": "tslib@2.7.0"
        }
      },
      "before-after-hook@2.2.3": {
        "integrity": "sha512-NzUnlZexiaH/46WDhANlyR2bXRopNg4F/zuSA3OpZnllCUgRaOF2znDioDWrmbNVsuZk6l9pMquQB38cfBZwkQ==",
        "dependencies": {}
      },
      "bottleneck@2.19.5": {
        "integrity": "sha512-VHiNCbI1lKdl44tGrhNfU3lup0Tj/ZBMJB5/2ZbNXRCPuRCO7ed2mgcK4r17y+KB2EfuYuRaVlwNbAeaWGSpbw==",
        "dependencies": {}
      },
      "btoa-lite@1.0.0": {
        "integrity": "sha512-gvW7InbIyF8AicrqWoptdW08pUxuhq8BEgowNajy9RhiE86fmGAGl+bLKo6oB8QP0CkqHLowfN0oJdKC/J6LbA==",
        "dependencies": {}
      },
      "buffer-equal-constant-time@1.0.1": {
        "integrity": "sha512-zRpUiDwd/xk6ADqPMATG8vc9VPrkck7T07OIx0gnjmJAnHnTVXNQG3vfvWNuiZIkwu9KrKdA1iJKfsfTVxE6NA==",
        "dependencies": {}
      },
      "clean-stack@2.2.0": {
        "integrity": "sha512-4diC9HaTE+KRAMWhDhrGOECgWZxoevMc5TlkObMqNSsVU62PYzXZ/SMTjzyGAFF1YusgxGcSWTEXBhp0CPwQ1A==",
        "dependencies": {}
      },
      "crypto-js@4.1.1": {
        "integrity": "sha512-o2JlM7ydqd3Qk9CA0L4NL6mTzU2sdx96a+oOfPu8Mkl/PK51vSyoi8/rQ8NknZtk44vq15lmhAj9CIAGwgeWKw==",
        "dependencies": {}
      },
      "debug@4.3.6": {
        "integrity": "sha512-O/09Bd4Z1fBrU4VzkhFqVgpPzaGbw6Sm9FEkBT1A/YBXQFGuuSxa1dN2nxgxS34JmKXqYx8CZAwEVoJFImUXIg==",
        "dependencies": {
          "ms": "ms@2.1.2"
        }
      },
      "deprecation@2.3.1": {
        "integrity": "sha512-xmHIy4F3scKVwMsQ4WnVaS8bHOx0DmVwRywosKhaILI0ywMDWPtBSku2HNxRvF7jtwDRsoEwYQSfbxj8b7RlJQ==",
        "dependencies": {}
      },
      "ecdsa-sig-formatter@1.0.11": {
        "integrity": "sha512-nagl3RYrbNv6kQkeJIpt6NJZy8twLB/2vtz6yN9Z4vRKHN4/QZJIEbqohALSgwKdnksuY3k5Addp5lg8sVoVcQ==",
        "dependencies": {
          "safe-buffer": "safe-buffer@5.2.1"
        }
      },
      "indent-string@4.0.0": {
        "integrity": "sha512-EdDDZu4A2OyIK7Lr/2zG+w5jmbuk1DVBnEwREQvBzspBJkCEbRa8GxU1lghYcaGJCnRWibjDXlq779X1/y5xwg==",
        "dependencies": {}
      },
      "ipaddr.js@2.2.0": {
        "integrity": "sha512-Ag3wB2o37wslZS19hZqorUnrnzSkpOVy+IiiDEiTqNubEYpYuHWIf6K4psgN2ZWKExS4xhVCrRVfb/wfW8fWJA==",
        "dependencies": {}
      },
      "jsonwebtoken@9.0.2": {
        "integrity": "sha512-PRp66vJ865SSqOlgqS8hujT5U4AOgMfhrwYIuIhfKaoSCZcirrmASQr8CX7cUg+RMih+hgznrjp99o+W4pJLHQ==",
        "dependencies": {
          "jws": "jws@3.2.2",
          "lodash.includes": "lodash.includes@4.3.0",
          "lodash.isboolean": "lodash.isboolean@3.0.3",
          "lodash.isinteger": "lodash.isinteger@4.0.4",
          "lodash.isnumber": "lodash.isnumber@3.0.3",
          "lodash.isplainobject": "lodash.isplainobject@4.0.6",
          "lodash.isstring": "lodash.isstring@4.0.1",
          "lodash.once": "lodash.once@4.1.1",
          "ms": "ms@2.1.2",
          "semver": "semver@7.6.3"
        }
      },
      "jwa@1.4.1": {
        "integrity": "sha512-qiLX/xhEEFKUAJ6FiBMbes3w9ATzyk5W7Hvzpa/SLYdxNtng+gcurvrI7TbACjIXlsJyr05/S1oUhZrc63evQA==",
        "dependencies": {
          "buffer-equal-constant-time": "buffer-equal-constant-time@1.0.1",
          "ecdsa-sig-formatter": "ecdsa-sig-formatter@1.0.11",
          "safe-buffer": "safe-buffer@5.2.1"
        }
      },
      "jws@3.2.2": {
        "integrity": "sha512-YHlZCB6lMTllWDtSPHz/ZXTsi8S00usEV6v1tjq8tOUZzw7DpSDWVXjXDre6ed1w/pd495ODpHZYSdkRTsa0HA==",
        "dependencies": {
          "jwa": "jwa@1.4.1",
          "safe-buffer": "safe-buffer@5.2.1"
        }
      },
      "lodash.get@4.4.2": {
        "integrity": "sha512-z+Uw/vLuy6gQe8cfaFWD7p0wVv8fJl3mbzXh33RS+0oW2wvUqiRXiQ69gLWSLpgB5/6sU+r6BlQR0MBILadqTQ==",
        "dependencies": {}
      },
      "lodash.includes@4.3.0": {
        "integrity": "sha512-W3Bx6mdkRTGtlJISOvVD/lbqjTlPPUDTMnlXZFnVwi9NKJ6tiAk6LVdlhZMm17VZisqhKcgzpO5Wz91PCt5b0w==",
        "dependencies": {}
      },
      "lodash.isboolean@3.0.3": {
        "integrity": "sha512-Bz5mupy2SVbPHURB98VAcw+aHh4vRV5IPNhILUCsOzRmsTmSQ17jIuqopAentWoehktxGd9e/hbIXq980/1QJg==",
        "dependencies": {}
      },
      "lodash.isinteger@4.0.4": {
        "integrity": "sha512-DBwtEWN2caHQ9/imiNeEA5ys1JoRtRfY3d7V9wkqtbycnAmTvRRmbHKDV4a0EYc678/dia0jrte4tjYwVBaZUA==",
        "dependencies": {}
      },
      "lodash.isnumber@3.0.3": {
        "integrity": "sha512-QYqzpfwO3/CWf3XP+Z+tkQsfaLL/EnUlXWVkIk5FUPc4sBdTehEqZONuyRt2P67PXAk+NXmTBcc97zw9t1FQrw==",
        "dependencies": {}
      },
      "lodash.isplainobject@4.0.6": {
        "integrity": "sha512-oSXzaWypCMHkPC3NvBEaPHf0KsA5mvPrOPgQWDsbg8n7orZ290M0BmC/jgRZ4vcJ6DTAhjrsSYgdsW/F+MFOBA==",
        "dependencies": {}
      },
      "lodash.isstring@4.0.1": {
        "integrity": "sha512-0wJxfxH1wgO3GrbuP+dTTk7op+6L41QCXbGINEmD+ny/G/eCqGzxyCsh7159S+mgDDcoarnBw6PC1PS5+wUGgw==",
        "dependencies": {}
      },
      "lodash.once@4.1.1": {
        "integrity": "sha512-Sb487aTOCr9drQVL8pIxOzVhafOjZN9UU54hiN8PU3uAiSV7lx1yYNpbNmex2PK6dSJoNTSJUUswT651yww3Mg==",
        "dependencies": {}
      },
      "lodash.set@4.3.2": {
        "integrity": "sha512-4hNPN5jlm/N/HLMCO43v8BXKq9Z7QdAGc/VGrRD61w8gN9g/6jF9A4L1pbUgBLCffi0w9VsXfTOij5x8iTyFvg==",
        "dependencies": {}
      },
      "lodash.unset@4.5.2": {
        "integrity": "sha512-bwKX88k2JhCV9D1vtE8+naDKlLiGrSmf8zi/Y9ivFHwbmRfA8RxS/aVJ+sIht2XOwqoNr4xUPUkGZpc1sHFEKg==",
        "dependencies": {}
      },
      "lru-cache@10.4.3": {
        "integrity": "sha512-JNAzZcXrCt42VGLuYz0zfAzDfAvJWW6AfYlDBQyDV5DClI2m5sAmK+OIO7s59XfsRsWHp02jAJrRadPRGTt6SQ==",
        "dependencies": {}
      },
      "ms@2.1.2": {
        "integrity": "sha512-sGkPx+VjMtmA6MX27oA4FBFELFCZZ4S4XqeGOXCv68tT+jb3vk/RyaKWP0PTKyWtmLSM0b+adUTEvbs1PEaH2w==",
        "dependencies": {}
      },
      "octokit@3.2.1_@octokit+core@5.2.0": {
        "integrity": "sha512-u+XuSejhe3NdIvty3Jod00JvTdAE/0/+XbhIDhefHbu+2OcTRHd80aCiH6TX19ZybJmwPQBKFQmHGxp0i9mJrg==",
        "dependencies": {
          "@octokit/app": "@octokit/app@14.1.0_@octokit+core@5.2.0",
          "@octokit/core": "@octokit/core@5.2.0",
          "@octokit/oauth-app": "@octokit/oauth-app@6.1.0",
          "@octokit/plugin-paginate-graphql": "@octokit/plugin-paginate-graphql@4.0.1_@octokit+core@5.2.0",
          "@octokit/plugin-paginate-rest": "@octokit/plugin-paginate-rest@11.3.1_@octokit+core@5.2.0",
          "@octokit/plugin-rest-endpoint-methods": "@octokit/plugin-rest-endpoint-methods@13.2.2_@octokit+core@5.2.0",
          "@octokit/plugin-retry": "@octokit/plugin-retry@6.0.1_@octokit+core@5.2.0",
          "@octokit/plugin-throttling": "@octokit/plugin-throttling@8.2.0_@octokit+core@5.2.0",
          "@octokit/request-error": "@octokit/request-error@5.1.0",
          "@octokit/types": "@octokit/types@13.5.0"
        }
      },
      "once@1.4.0": {
        "integrity": "sha512-lNaJgI+2Q5URQBkccEKHTQOPaXdUxnZZElQTZY0MFUAuaEqe1E+Nyvgdz/aIyNi6Z9MzO5dv1H8n58/GELp3+w==",
        "dependencies": {
          "wrappy": "wrappy@1.0.2"
        }
      },
      "pvtsutils@1.3.5": {
        "integrity": "sha512-ARvb14YB9Nm2Xi6nBq1ZX6dAM0FsJnuk+31aUp4TrcZEdKUlSqOqsxJHUPJDNE3qiIp+iUPEIeR6Je/tgV7zsA==",
        "dependencies": {
          "tslib": "tslib@2.7.0"
        }
      },
      "pvutils@1.1.3": {
        "integrity": "sha512-pMpnA0qRdFp32b1sJl1wOJNxZLQ2cbQx+k6tjNtZ8CpvVhNqEPRgivZ2WOUev2YMajecdH7ctUPDvEe87nariQ==",
        "dependencies": {}
      },
      "reflect-metadata@0.2.2": {
        "integrity": "sha512-urBwgfrvVP/eAyXx4hluJivBKzuEbSQs9rKWCrCkbSxNv8mxPcUZKeuoF3Uy4mJl3Lwprp6yy5/39VWigZ4K6Q==",
        "dependencies": {}
      },
      "safe-buffer@5.2.1": {
        "integrity": "sha512-rp3So07KcdmmKbGvgaNxQSJr7bGVSVk5S9Eq1F+ppbRo70+YeaDxkw5Dd8NPN+GD6bjnYm2VuPuCXmpuYvmCXQ==",
        "dependencies": {}
      },
      "semver@7.6.3": {
        "integrity": "sha512-oVekP1cKtI+CTDvHWYFUcMtsK/00wmAEfyqKfNdARm8u1wNVhSgaX7A8d4UuIlUI5e84iEwOhs7ZPYRmzU9U6A==",
        "dependencies": {}
      },
      "simple-git@3.18.0": {
        "integrity": "sha512-Yt0GJ5aYrpPci3JyrYcsPz8Xc05Hi4JPSOb+Sgn/BmPX35fn/6Fp9Mef8eMBCrL2siY5w4j49TA5Q+bxPpri1Q==",
        "dependencies": {
          "@kwsites/file-exists": "@kwsites/file-exists@1.1.1",
          "@kwsites/promise-deferred": "@kwsites/promise-deferred@1.1.1",
          "debug": "debug@4.3.6"
        }
      },
      "tslib@1.14.1": {
        "integrity": "sha512-Xni35NKzjgMrwevysHTCArtLDpPvye8zV/0E4EyYn43P7/7qvQwPh9BGkHewbMulVntbigmcT7rdX3BNo9wRJg==",
        "dependencies": {}
      },
      "tslib@2.7.0": {
        "integrity": "sha512-gLXCKdN1/j47AiHiOkJN69hJmcbGTHI0ImLmbYLHykhgeN0jVGola9yVjFgzCUklsZQMW55o+dW7IXv3RCXDzA==",
        "dependencies": {}
      },
      "tsyringe@4.8.0": {
        "integrity": "sha512-YB1FG+axdxADa3ncEtRnQCFq/M0lALGLxSZeVNbTU8NqhOVc51nnv2CISTcvc1kyv6EGPtXVr0v6lWeDxiijOA==",
        "dependencies": {
          "tslib": "tslib@1.14.1"
        }
      },
      "universal-github-app-jwt@1.1.2": {
        "integrity": "sha512-t1iB2FmLFE+yyJY9+3wMx0ejB+MQpEVkH0gQv7dR6FZyltyq+ZZO0uDpbopxhrZ3SLEO4dCEkIujOMldEQ2iOA==",
        "dependencies": {
          "@types/jsonwebtoken": "@types/jsonwebtoken@9.0.6",
          "jsonwebtoken": "jsonwebtoken@9.0.2"
        }
      },
      "universal-user-agent@6.0.1": {
        "integrity": "sha512-yCzhz6FN2wU1NiiQRogkTQszlQSlpWaw8SvVegAc+bDxbzHgh1vX8uIe8OYyMH6DwH+sdTJsgMl36+mSMdRJIQ==",
        "dependencies": {}
      },
      "validator@13.11.0": {
        "integrity": "sha512-Ii+sehpSfZy+At5nPdnyMhx78fEoPDkR2XW/zimHEL3MyGJQOCQ7WeP20jPYRz7ZCpcKLB21NxuXHF3bxjStBQ==",
        "dependencies": {}
      },
      "wrappy@1.0.2": {
        "integrity": "sha512-l4Sp/DRseor9wL6EvV2+TuQn63dMkPjZ/sp9XkghTEbV9KlPS1xUsZ3u7/IQO4wxtcFB4bgpQPRcR3QCvezPcQ==",
        "dependencies": {}
      }
    }
  },
  "remote": {},
  "workspace": {
    "dependencies": [
      "jsr:@cliffy/ansi@^1.0.0-rc.5",
      "jsr:@cliffy/command@^1.0.0-rc.5",
      "jsr:@cliffy/prompt@^1.0.0-rc.5",
      "jsr:@cndi/cdktf@^0.1.2",
      "jsr:@polyseam/cliffy-provider-gh-releases@1.0.0-rc.11",
      "jsr:@polyseam/silky@^1.1.2",
      "jsr:@std/assert@^0.221.0",
      "jsr:@std/async@^0.221.0",
      "jsr:@std/cli@^0.221.0",
      "jsr:@std/collections@^0.221.0",
      "jsr:@std/dotenv@^0.221.0",
      "jsr:@std/fs@^0.221.0",
      "jsr:@std/io@^0.221.0",
      "jsr:@std/jsonc@^0.221.0",
      "jsr:@std/path@^0.221.0",
      "jsr:@std/semver",
      "jsr:@std/semver@^0.221.0",
      "jsr:@std/streams@^0.221.0",
      "jsr:@std/testing@^0.221.0",
      "jsr:@std/yaml@^0.221.0",
      "npm:@cdktf/provider-aws@^19.25.0",
      "npm:@cdktf/provider-azurerm@^12.23.0",
      "npm:@cdktf/provider-google@^13.26.0",
      "npm:@cdktf/provider-helm@^10.2.0",
      "npm:@cdktf/provider-kubernetes@^11.6.0",
      "npm:@cdktf/provider-local@^10.1.0",
      "npm:@cdktf/provider-random@^11.0.2",
      "npm:@cdktf/provider-time@^10.1.1",
      "npm:@cdktf/provider-tls@^10.0.0",
      "npm:cdktf@^0.20.8",
      "npm:constructs@10.3.0",
      "npm:crypto-js@4.1.1",
      "npm:lodash.get@4.4.2",
      "npm:lodash.set@4.3.2",
      "npm:lodash.unset@4.5.2",
      "npm:octokit@^3.1.2",
      "npm:simple-git@3.18.0",
      "npm:validator@13.11.0"
    ]
  }
}
